# THIS IS AN AUTOGENERATED FILE. DO NOT EDIT THIS FILE DIRECTLY.
# yarn lockfile v1


commander@~2.13.0:
  version "2.13.0"
  resolved "https://registry.yarnpkg.com/commander/-/commander-2.13.0.tgz#6964bca67685df7c1f1430c584f07d7597885b9c"

cssmin@0.4.3:
  version "0.4.3"
  resolved "https://registry.yarnpkg.com/cssmin/-/cssmin-0.4.3.tgz#c9194077e0ebdacd691d5f59015b9d819f38d015"

source-map@~0.6.1:
  version "0.6.1"
  resolved "https://registry.yarnpkg.com/source-map/-/source-map-0.6.1.tgz#74722af32e9614e9c287a8d0bbde48b5e2f1a263"

uglify-js@^3.3.8:
  version "3.3.8"
  resolved "https://registry.yarnpkg.com/uglify-js/-/uglify-js-3.3.8.tgz#51e9a5db73afb53ac98603d08224edcd0be45fd8"
  dependencies:
    commander "~2.13.0"
    source-map "~0.6.1"
